
Microsoft Visual Studio Solution File, Format Version 12.00
# Visual Studio Version 16
VisualStudioVersion = 16.0.30907.101
MinimumVisualStudioVersion = 10.0.40219.1
Project("{FAE04EC0-301F-11D3-BF4B-00C04F79EFBC}") = "NTP_Projekt", "NTP_Projekt.csproj", "{8C349EFD-E931-4C73-8FBD-ACE145826858}"
EndProject
Global
	GlobalSection(SolutionConfigurationPlatforms) = preSolution
		Debug|Any CPU = Debug|Any CPU
		Release|Any CPU = Release|Any CPU
	EndGlobalSection
	GlobalSection(ProjectConfigurationPlatforms) = postSolution
		{8C349EFD-E931-4C73-8FBD-ACE145826858}.Debug|Any CPU.ActiveCfg = Debug|Any CPU
		{8C349EFD-E931-4C73-8FBD-ACE145826858}.Debug|Any CPU.Build.0 = Debug|Any CPU
		{8C349EFD-E931-4C73-8FBD-ACE145826858}.Release|Any CPU.ActiveCfg = Release|Any CPU
		{8C349EFD-E931-4C73-8FBD-ACE145826858}.Release|Any CPU.Build.0 = Release|Any CPU
	EndGlobalSection
	GlobalSection(SolutionProperties) = preSolution
		HideSolutionNode = FALSE
	EndGlobalSection
	GlobalSection(ExtensibilityGlobals) = postSolution
		SolutionGuid = {FD41F38D-2BBB-44E2-9983-922D9F9AF3EC}
	EndGlobalSection
EndGlobal
