
Microsoft Visual Studio Solution File, Format Version 12.00
# Visual Studio Version 16
VisualStudioVersion = 16.0.32002.261
MinimumVisualStudioVersion = 10.0.40219.1
Project("{FAE04EC0-301F-11D3-BF4B-00C04F79EFBC}") = "NTPRestProject", "NTPRestProject\NTPRestProject.csproj", "{62CEB8E3-FDAB-4618-A1F5-3781AC081EAC}"
EndProject
Global
	GlobalSection(SolutionConfigurationPlatforms) = preSolution
		Debug|Any CPU = Debug|Any CPU
		Release|Any CPU = Release|Any CPU
	EndGlobalSection
	GlobalSection(ProjectConfigurationPlatforms) = postSolution
		{62CEB8E3-FDAB-4618-A1F5-3781AC081EAC}.Debug|Any CPU.ActiveCfg = Debug|Any CPU
		{62CEB8E3-FDAB-4618-A1F5-3781AC081EAC}.Debug|Any CPU.Build.0 = Debug|Any CPU
		{62CEB8E3-FDAB-4618-A1F5-3781AC081EAC}.Release|Any CPU.ActiveCfg = Release|Any CPU
		{62CEB8E3-FDAB-4618-A1F5-3781AC081EAC}.Release|Any CPU.Build.0 = Release|Any CPU
	EndGlobalSection
	GlobalSection(SolutionProperties) = preSolution
		HideSolutionNode = FALSE
	EndGlobalSection
	GlobalSection(ExtensibilityGlobals) = postSolution
		SolutionGuid = {0C4E34F4-AC44-47F1-82A4-32776FA2DC7E}
	EndGlobalSection
EndGlobal
